<Solution>
  <Project Path="Zenject.csproj" />
  <Project Path="ExtractionModule.csproj" />
  <Project Path="Zenject-Editor.csproj" />
  <Project Path="SimpleFolderIcon.csproj" />
  <Project Path="WeaponModule.csproj" />
  <Project Path="InputModule.csproj" />
  <Project Path="EnemyModule.csproj" />
  <Project Path="DOTween.Modules.csproj" />
  <Project Path="PlayerModule.csproj" />
  <Project Path="Assembly-CSharp.csproj" />
  <Project Path="NewAssembly.csproj" />
  <Project Path="Assembly-CSharp-Editor.csproj" />
</Solution>
