<Solution>
  <Project Path="Zenject.csproj" />
  <Project Path="NpcBaseModule.csproj" />
  <Project Path="ExtractionModule.csproj" />
  <Project Path="Zenject-Editor.csproj" />
  <Project Path="SimpleFolderIcon.csproj" />
  <Project Path="InventoryModule.csproj" />
  <Project Path="Assembly-CSharp.csproj" />
  <Project Path="WeaponModule.csproj" />
  <Project Path="ComponentsModule.csproj" />
  <Project Path="InputModule.csproj" />
  <Project Path="EnemyModule.csproj" />
  <Project Path="BuildingModule.csproj" />
  <Project Path="DOTween.Modules.csproj" />
  <Project Path="CameraModule.csproj" />
  <Project Path="UIModule.csproj" />
  <Project Path="PlayerModule.csproj" />
  <Project Path="CommandsModule.csproj" />
  <Project Path="GameCycleModule.csproj" />
  <Project Path="Assembly-CSharp-Editor.csproj" />
</Solution>
